// !$*UTF8*$!
{
	archiveVersion = 1;
	classes = {
	};
	objectVersion = 51;
	objects = {

/* Begin PBXBuildFile section */
		6B37758812F40033E697B597 /* Pods_InsomniChat.framework in Frameworks */ = {isa = PBXBuildFile; fileRef = 4E4E723BF9A6A43DD42D7191 /* Pods_InsomniChat.framework */; };
		EC5E61AD22EFB0CC00EC366F /* AppDelegate.m in Sources */ = {isa = PBXBuildFile; fileRef = EC5E61AC22EFB0CC00EC366F /* AppDelegate.m */; };
		EC5E61B522EFB0CD00EC366F /* Assets.xcassets in Resources */ = {isa = PBXBuildFile; fileRef = EC5E61B422EFB0CD00EC366F /* Assets.xcassets */; };
		EC5E61B822EFB0CD00EC366F /* LaunchScreen.storyboard in Resources */ = {isa = PBXBuildFile; fileRef = EC5E61B622EFB0CD00EC366F /* LaunchScreen.storyboard */; };
		EC5E61BB22EFB0CD00EC366F /* main.m in Sources */ = {isa = PBXBuildFile; fileRef = EC5E61BA22EFB0CD00EC366F /* main.m */; };
		EC5E61C222EFB32200EC366F /* GoogleService-Info.plist in Resources */ = {isa = PBXBuildFile; fileRef = EC5E61C122EFB32100EC366F /* GoogleService-Info.plist */; };
		EC7D69FD22F0B85D00674066 /* LoginViewController.swift in Sources */ = {isa = PBXBuildFile; fileRef = EC7D69FC22F0B85D00674066 /* LoginViewController.swift */; };
		EC7D6A0A22F0FC5F00674066 /* ChatViewController.swift in Sources */ = {isa = PBXBuildFile; fileRef = EC7D6A0922F0FC5F00674066 /* ChatViewController.swift */; };
		EC7D6A1122F1014600674066 /* ChatUser.swift in Sources */ = {isa = PBXBuildFile; fileRef = EC7D6A1022F1014600674066 /* ChatUser.swift */; };
		EC7D6A1322F102B200674066 /* Message.swift in Sources */ = {isa = PBXBuildFile; fileRef = EC7D6A1222F102B200674066 /* Message.swift */; };
/* End PBXBuildFile section */

/* Begin PBXFileReference section */
		4E4E723BF9A6A43DD42D7191 /* Pods_InsomniChat.framework */ = {isa = PBXFileReference; explicitFileType = wrapper.framework; includeInIndex = 0; path = Pods_InsomniChat.framework; sourceTree = BUILT_PRODUCTS_DIR; };
		6E20F21D017FB121720294F5 /* Pods-InsomniChat.debug.xcconfig */ = {isa = PBXFileReference; includeInIndex = 1; lastKnownFileType = text.xcconfig; name = "Pods-InsomniChat.debug.xcconfig"; path = "Target Support Files/Pods-InsomniChat/Pods-InsomniChat.debug.xcconfig"; sourceTree = "<group>"; };
		BE445CD79D93766757E2974F /* Pods-InsomniChat.release.xcconfig */ = {isa = PBXFileReference; includeInIndex = 1; lastKnownFileType = text.xcconfig; name = "Pods-InsomniChat.release.xcconfig"; path = "Target Support Files/Pods-InsomniChat/Pods-InsomniChat.release.xcconfig"; sourceTree = "<group>"; };
		EC5E61A822EFB0CC00EC366F /* InsomniChat.app */ = {isa = PBXFileReference; explicitFileType = wrapper.application; includeInIndex = 0; path = InsomniChat.app; sourceTree = BUILT_PRODUCTS_DIR; };
		EC5E61AB22EFB0CC00EC366F /* AppDelegate.h */ = {isa = PBXFileReference; lastKnownFileType = sourcecode.c.h; path = AppDelegate.h; sourceTree = "<group>"; };
		EC5E61AC22EFB0CC00EC366F /* AppDelegate.m */ = {isa = PBXFileReference; lastKnownFileType = sourcecode.c.objc; path = AppDelegate.m; sourceTree = "<group>"; };
		EC5E61B422EFB0CD00EC366F /* Assets.xcassets */ = {isa = PBXFileReference; lastKnownFileType = folder.assetcatalog; path = Assets.xcassets; sourceTree = "<group>"; };
		EC5E61B722EFB0CD00EC366F /* Base */ = {isa = PBXFileReference; lastKnownFileType = file.storyboard; name = Base; path = Base.lproj/LaunchScreen.storyboard; sourceTree = "<group>"; };
		EC5E61B922EFB0CD00EC366F /* Info.plist */ = {isa = PBXFileReference; lastKnownFileType = text.plist.xml; path = Info.plist; sourceTree = "<group>"; };
		EC5E61BA22EFB0CD00EC366F /* main.m */ = {isa = PBXFileReference; lastKnownFileType = sourcecode.c.objc; path = main.m; sourceTree = "<group>"; };
		EC5E61C122EFB32100EC366F /* GoogleService-Info.plist */ = {isa = PBXFileReference; fileEncoding = 4; lastKnownFileType = text.plist.xml; path = "GoogleService-Info.plist"; sourceTree = "<group>"; };
		EC7D69FB22F0B85D00674066 /* InsomniChat-Bridging-Header.h */ = {isa = PBXFileReference; lastKnownFileType = sourcecode.c.h; path = "InsomniChat-Bridging-Header.h"; sourceTree = "<group>"; };
		EC7D69FC22F0B85D00674066 /* LoginViewController.swift */ = {isa = PBXFileReference; lastKnownFileType = sourcecode.swift; path = LoginViewController.swift; sourceTree = "<group>"; };
		EC7D6A0922F0FC5F00674066 /* ChatViewController.swift */ = {isa = PBXFileReference; lastKnownFileType = sourcecode.swift; path = ChatViewController.swift; sourceTree = "<group>"; };
		EC7D6A1022F1014600674066 /* ChatUser.swift */ = {isa = PBXFileReference; lastKnownFileType = sourcecode.swift; path = ChatUser.swift; sourceTree = "<group>"; };
		EC7D6A1222F102B200674066 /* Message.swift */ = {isa = PBXFileReference; lastKnownFileType = sourcecode.swift; path = Message.swift; sourceTree = "<group>"; };
/* End PBXFileReference section */

/* Begin PBXFrameworksBuildPhase section */
		EC5E61A522EFB0CC00EC366F /* Frameworks */ = {
			isa = PBXFrameworksBuildPhase;
			buildActionMask = 2147483647;
			files = (
				6B37758812F40033E697B597 /* Pods_InsomniChat.framework in Frameworks */,
			);
			runOnlyForDeploymentPostprocessing = 0;
		};
/* End PBXFrameworksBuildPhase section */

/* Begin PBXGroup section */
		B7EA53C4E3ADC0679BE34833 /* Frameworks */ = {
			isa = PBXGroup;
			children = (
				4E4E723BF9A6A43DD42D7191 /* Pods_InsomniChat.framework */,
			);
			name = Frameworks;
			sourceTree = "<group>";
		};
		EC5E619F22EFB0CC00EC366F = {
			isa = PBXGroup;
			children = (
				EC5E61AA22EFB0CC00EC366F /* InsomniChat */,
				EC5E61A922EFB0CC00EC366F /* Products */,
				ED9D0D3B373E6953A4B5447E /* Pods */,
				B7EA53C4E3ADC0679BE34833 /* Frameworks */,
			);
			sourceTree = "<group>";
		};
		EC5E61A922EFB0CC00EC366F /* Products */ = {
			isa = PBXGroup;
			children = (
				EC5E61A822EFB0CC00EC366F /* InsomniChat.app */,
			);
			name = Products;
			sourceTree = "<group>";
		};
		EC5E61AA22EFB0CC00EC366F /* InsomniChat */ = {
			isa = PBXGroup;
			children = (
				EC7D6A0322F0E4A900674066 /* Models */,
				EC7D69F722F0B51800674066 /* App */,
				EC7D69F822F0B53500674066 /* View Controllers */,
				EC7D69F922F0B54A00674066 /* Storyboards */,
				EC7D69FA22F0B55800674066 /* Resources */,
			);
			path = InsomniChat;
			sourceTree = "<group>";
		};
		EC7D69F722F0B51800674066 /* App */ = {
			isa = PBXGroup;
			children = (
				EC5E61AB22EFB0CC00EC366F /* AppDelegate.h */,
				EC5E61AC22EFB0CC00EC366F /* AppDelegate.m */,
				EC5E61BA22EFB0CD00EC366F /* main.m */,
			);
			path = App;
			sourceTree = "<group>";
		};
		EC7D69F822F0B53500674066 /* View Controllers */ = {
			isa = PBXGroup;
			children = (
				EC7D69FC22F0B85D00674066 /* LoginViewController.swift */,
				EC7D69FB22F0B85D00674066 /* InsomniChat-Bridging-Header.h */,
				EC7D6A0922F0FC5F00674066 /* ChatViewController.swift */,
			);
			path = "View Controllers";
			sourceTree = "<group>";
		};
		EC7D69F922F0B54A00674066 /* Storyboards */ = {
			isa = PBXGroup;
			children = (
				EC5E61B622EFB0CD00EC366F /* LaunchScreen.storyboard */,
			);
			path = Storyboards;
			sourceTree = "<group>";
		};
		EC7D69FA22F0B55800674066 /* Resources */ = {
			isa = PBXGroup;
			children = (
				EC5E61B422EFB0CD00EC366F /* Assets.xcassets */,
				EC5E61B922EFB0CD00EC366F /* Info.plist */,
				EC5E61C122EFB32100EC366F /* GoogleService-Info.plist */,
			);
			path = Resources;
			sourceTree = "<group>";
		};
		EC7D6A0322F0E4A900674066 /* Models */ = {
			isa = PBXGroup;
			children = (
				EC7D6A1022F1014600674066 /* ChatUser.swift */,
				EC7D6A1222F102B200674066 /* Message.swift */,
			);
			path = Models;
			sourceTree = "<group>";
		};
		ED9D0D3B373E6953A4B5447E /* Pods */ = {
			isa = PBXGroup;
			children = (
				6E20F21D017FB121720294F5 /* Pods-InsomniChat.debug.xcconfig */,
				BE445CD79D93766757E2974F /* Pods-InsomniChat.release.xcconfig */,
			);
			path = Pods;
			sourceTree = "<group>";
		};
/* End PBXGroup section */

/* Begin PBXNativeTarget section */
		EC5E61A722EFB0CC00EC366F /* InsomniChat */ = {
			isa = PBXNativeTarget;
			buildConfigurationList = EC5E61BE22EFB0CE00EC366F /* Build configuration list for PBXNativeTarget "InsomniChat" */;
			buildPhases = (
				BFB75C0D64C8D7DE13414D41 /* [CP] Check Pods Manifest.lock */,
				EC5E61A422EFB0CC00EC366F /* Sources */,
				EC5E61A522EFB0CC00EC366F /* Frameworks */,
				EC5E61A622EFB0CC00EC366F /* Resources */,
				481555B99147B21D87E8FF7D /* [CP] Embed Pods Frameworks */,
			);
			buildRules = (
			);
			dependencies = (
			);
			name = InsomniChat;
			productName = InsomniChat;
			productReference = EC5E61A822EFB0CC00EC366F /* InsomniChat.app */;
			productType = "com.apple.product-type.application";
		};
/* End PBXNativeTarget section */

/* Begin PBXProject section */
		EC5E61A022EFB0CC00EC366F /* Project object */ = {
			isa = PBXProject;
			attributes = {
				LastUpgradeCheck = 1030;
				ORGANIZATIONNAME = "Christopher Aronson";
				TargetAttributes = {
					EC5E61A722EFB0CC00EC366F = {
						CreatedOnToolsVersion = 10.3;
						LastSwiftMigration = 1030;
					};
				};
			};
			buildConfigurationList = EC5E61A322EFB0CC00EC366F /* Build configuration list for PBXProject "InsomniChat" */;
			compatibilityVersion = "Xcode 9.3";
			developmentRegion = en;
			hasScannedForEncodings = 0;
			knownRegions = (
				en,
				Base,
			);
			mainGroup = EC5E619F22EFB0CC00EC366F;
			productRefGroup = EC5E61A922EFB0CC00EC366F /* Products */;
			projectDirPath = "";
			projectRoot = "";
			targets = (
				EC5E61A722EFB0CC00EC366F /* InsomniChat */,
			);
		};
/* End PBXProject section */

/* Begin PBXResourcesBuildPhase section */
		EC5E61A622EFB0CC00EC366F /* Resources */ = {
			isa = PBXResourcesBuildPhase;
			buildActionMask = 2147483647;
			files = (
				EC5E61B822EFB0CD00EC366F /* LaunchScreen.storyboard in Resources */,
				EC5E61C222EFB32200EC366F /* GoogleService-Info.plist in Resources */,
				EC5E61B522EFB0CD00EC366F /* Assets.xcassets in Resources */,
			);
			runOnlyForDeploymentPostprocessing = 0;
		};
/* End PBXResourcesBuildPhase section */

/* Begin PBXShellScriptBuildPhase section */
		481555B99147B21D87E8FF7D /* [CP] Embed Pods Frameworks */ = {
			isa = PBXShellScriptBuildPhase;
			buildActionMask = 2147483647;
			files = (
			);
			inputFileListPaths = (
				"${PODS_ROOT}/Target Support Files/Pods-InsomniChat/Pods-InsomniChat-frameworks-${CONFIGURATION}-input-files.xcfilelist",
			);
			name = "[CP] Embed Pods Frameworks";
			outputFileListPaths = (
				"${PODS_ROOT}/Target Support Files/Pods-InsomniChat/Pods-InsomniChat-frameworks-${CONFIGURATION}-output-files.xcfilelist",
			);
			runOnlyForDeploymentPostprocessing = 0;
			shellPath = /bin/sh;
			shellScript = "\"${PODS_ROOT}/Target Support Files/Pods-InsomniChat/Pods-InsomniChat-frameworks.sh\"\n";
			showEnvVarsInLog = 0;
		};
		BFB75C0D64C8D7DE13414D41 /* [CP] Check Pods Manifest.lock */ = {
			isa = PBXShellScriptBuildPhase;
			buildActionMask = 2147483647;
			files = (
			);
			inputFileListPaths = (
			);
			inputPaths = (
				"${PODS_PODFILE_DIR_PATH}/Podfile.lock",
				"${PODS_ROOT}/Manifest.lock",
			);
			name = "[CP] Check Pods Manifest.lock";
			outputFileListPaths = (
			);
			outputPaths = (
				"$(DERIVED_FILE_DIR)/Pods-InsomniChat-checkManifestLockResult.txt",
			);
			runOnlyForDeploymentPostprocessing = 0;
			shellPath = /bin/sh;
			shellScript = "diff \"${PODS_PODFILE_DIR_PATH}/Podfile.lock\" \"${PODS_ROOT}/Manifest.lock\" > /dev/null\nif [ $? != 0 ] ; then\n    # print error to STDERR\n    echo \"error: The sandbox is not in sync with the Podfile.lock. Run 'pod install' or update your CocoaPods installation.\" >&2\n    exit 1\nfi\n# This output is used by Xcode 'outputs' to avoid re-running this script phase.\necho \"SUCCESS\" > \"${SCRIPT_OUTPUT_FILE_0}\"\n";
			showEnvVarsInLog = 0;
		};
/* End PBXShellScriptBuildPhase section */

/* Begin PBXSourcesBuildPhase section */
		EC5E61A422EFB0CC00EC366F /* Sources */ = {
			isa = PBXSourcesBuildPhase;
			buildActionMask = 2147483647;
			files = (
				EC7D69FD22F0B85D00674066 /* LoginViewController.swift in Sources */,
				EC5E61BB22EFB0CD00EC366F /* main.m in Sources */,
				EC7D6A0A22F0FC5F00674066 /* ChatViewController.swift in Sources */,
				EC7D6A1322F102B200674066 /* Message.swift in Sources */,
				EC5E61AD22EFB0CC00EC366F /* AppDelegate.m in Sources */,
				EC7D6A1122F1014600674066 /* ChatUser.swift in Sources */,
			);
			runOnlyForDeploymentPostprocessing = 0;
		};
/* End PBXSourcesBuildPhase section */

/* Begin PBXVariantGroup section */
		EC5E61B622EFB0CD00EC366F /* LaunchScreen.storyboard */ = {
			isa = PBXVariantGroup;
			children = (
				EC5E61B722EFB0CD00EC366F /* Base */,
			);
			name = LaunchScreen.storyboard;
			sourceTree = "<group>";
		};
/* End PBXVariantGroup section */

/* Begin XCBuildConfiguration section */
		EC5E61BC22EFB0CD00EC366F /* Debug */ = {
			isa = XCBuildConfiguration;
			buildSettings = {
				ALWAYS_SEARCH_USER_PATHS = NO;
				CLANG_ANALYZER_NONNULL = YES;
				CLANG_ANALYZER_NUMBER_OBJECT_CONVERSION = YES_AGGRESSIVE;
				CLANG_CXX_LANGUAGE_STANDARD = "gnu++14";
				CLANG_CXX_LIBRARY = "libc++";
				CLANG_ENABLE_MODULES = YES;
				CLANG_ENABLE_OBJC_ARC = YES;
				CLANG_ENABLE_OBJC_WEAK = YES;
				CLANG_WARN_BLOCK_CAPTURE_AUTORELEASING = YES;
				CLANG_WARN_BOOL_CONVERSION = YES;
				CLANG_WARN_COMMA = YES;
				CLANG_WARN_CONSTANT_CONVERSION = YES;
				CLANG_WARN_DEPRECATED_OBJC_IMPLEMENTATIONS = YES;
				CLANG_WARN_DIRECT_OBJC_ISA_USAGE = YES_ERROR;
				CLANG_WARN_DOCUMENTATION_COMMENTS = YES;
				CLANG_WARN_EMPTY_BODY = YES;
				CLANG_WARN_ENUM_CONVERSION = YES;
				CLANG_WARN_INFINITE_RECURSION = YES;
				CLANG_WARN_INT_CONVERSION = YES;
				CLANG_WARN_NON_LITERAL_NULL_CONVERSION = YES;
				CLANG_WARN_OBJC_IMPLICIT_RETAIN_SELF = YES;
				CLANG_WARN_OBJC_LITERAL_CONVERSION = YES;
				CLANG_WARN_OBJC_ROOT_CLASS = YES_ERROR;
				CLANG_WARN_RANGE_LOOP_ANALYSIS = YES;
				CLANG_WARN_STRICT_PROTOTYPES = YES;
				CLANG_WARN_SUSPICIOUS_MOVE = YES;
				CLANG_WARN_UNGUARDED_AVAILABILITY = YES_AGGRESSIVE;
				CLANG_WARN_UNREACHABLE_CODE = YES;
				CLANG_WARN__DUPLICATE_METHOD_MATCH = YES;
				CODE_SIGN_IDENTITY = "iPhone Developer";
				COPY_PHASE_STRIP = NO;
				DEBUG_INFORMATION_FORMAT = dwarf;
				ENABLE_STRICT_OBJC_MSGSEND = YES;
				ENABLE_TESTABILITY = YES;
				GCC_C_LANGUAGE_STANDARD = gnu11;
				GCC_DYNAMIC_NO_PIC = NO;
				GCC_NO_COMMON_BLOCKS = YES;
				GCC_OPTIMIZATION_LEVEL = 0;
				GCC_PREPROCESSOR_DEFINITIONS = (
					"DEBUG=1",
					"$(inherited)",
				);
				GCC_WARN_64_TO_32_BIT_CONVERSION = YES;
				GCC_WARN_ABOUT_RETURN_TYPE = YES_ERROR;
				GCC_WARN_UNDECLARED_SELECTOR = YES;
				GCC_WARN_UNINITIALIZED_AUTOS = YES_AGGRESSIVE;
				GCC_WARN_UNUSED_FUNCTION = YES;
				GCC_WARN_UNUSED_VARIABLE = YES;
				IPHONEOS_DEPLOYMENT_TARGET = 12.4;
				MTL_ENABLE_DEBUG_INFO = INCLUDE_SOURCE;
				MTL_FAST_MATH = YES;
				ONLY_ACTIVE_ARCH = YES;
				SDKROOT = iphoneos;
			};
			name = Debug;
		};
		EC5E61BD22EFB0CE00EC366F /* Release */ = {
			isa = XCBuildConfiguration;
			buildSettings = {
				ALWAYS_SEARCH_USER_PATHS = NO;
				CLANG_ANALYZER_NONNULL = YES;
				CLANG_ANALYZER_NUMBER_OBJECT_CONVERSION = YES_AGGRESSIVE;
				CLANG_CXX_LANGUAGE_STANDARD = "gnu++14";
				CLANG_CXX_LIBRARY = "libc++";
				CLANG_ENABLE_MODULES = YES;
				CLANG_ENABLE_OBJC_ARC = YES;
				CLANG_ENABLE_OBJC_WEAK = YES;
				CLANG_WARN_BLOCK_CAPTURE_AUTORELEASING = YES;
				CLANG_WARN_BOOL_CONVERSION = YES;
				CLANG_WARN_COMMA = YES;
				CLANG_WARN_CONSTANT_CONVERSION = YES;
				CLANG_WARN_DEPRECATED_OBJC_IMPLEMENTATIONS = YES;
				CLANG_WARN_DIRECT_OBJC_ISA_USAGE = YES_ERROR;
				CLANG_WARN_DOCUMENTATION_COMMENTS = YES;
				CLANG_WARN_EMPTY_BODY = YES;
				CLANG_WARN_ENUM_CONVERSION = YES;
				CLANG_WARN_INFINITE_RECURSION = YES;
				CLANG_WARN_INT_CONVERSION = YES;
				CLANG_WARN_NON_LITERAL_NULL_CONVERSION = YES;
				CLANG_WARN_OBJC_IMPLICIT_RETAIN_SELF = YES;
				CLANG_WARN_OBJC_LITERAL_CONVERSION = YES;
				CLANG_WARN_OBJC_ROOT_CLASS = YES_ERROR;
				CLANG_WARN_RANGE_LOOP_ANALYSIS = YES;
				CLANG_WARN_STRICT_PROTOTYPES = YES;
				CLANG_WARN_SUSPICIOUS_MOVE = YES;
				CLANG_WARN_UNGUARDED_AVAILABILITY = YES_AGGRESSIVE;
				CLANG_WARN_UNREACHABLE_CODE = YES;
				CLANG_WARN__DUPLICATE_METHOD_MATCH = YES;
				CODE_SIGN_IDENTITY = "iPhone Developer";
				COPY_PHASE_STRIP = NO;
				DEBUG_INFORMATION_FORMAT = "dwarf-with-dsym";
				ENABLE_NS_ASSERTIONS = NO;
				ENABLE_STRICT_OBJC_MSGSEND = YES;
				GCC_C_LANGUAGE_STANDARD = gnu11;
				GCC_NO_COMMON_BLOCKS = YES;
				GCC_WARN_64_TO_32_BIT_CONVERSION = YES;
				GCC_WARN_ABOUT_RETURN_TYPE = YES_ERROR;
				GCC_WARN_UNDECLARED_SELECTOR = YES;
				GCC_WARN_UNINITIALIZED_AUTOS = YES_AGGRESSIVE;
				GCC_WARN_UNUSED_FUNCTION = YES;
				GCC_WARN_UNUSED_VARIABLE = YES;
				IPHONEOS_DEPLOYMENT_TARGET = 12.4;
				MTL_ENABLE_DEBUG_INFO = NO;
				MTL_FAST_MATH = YES;
				SDKROOT = iphoneos;
				VALIDATE_PRODUCT = YES;
			};
			name = Release;
		};
		EC5E61BF22EFB0CE00EC366F /* Debug */ = {
			isa = XCBuildConfiguration;
			baseConfigurationReference = 6E20F21D017FB121720294F5 /* Pods-InsomniChat.debug.xcconfig */;
			buildSettings = {
				ASSETCATALOG_COMPILER_APPICON_NAME = AppIcon;
				CLANG_ENABLE_MODULES = YES;
				CODE_SIGN_STYLE = Automatic;
				DEVELOPMENT_TEAM = 66AJPZAPLQ;
				INFOPLIST_FILE = "$(SRCROOT)/InsomniChat/Resources/Info.plist";
				LD_RUNPATH_SEARCH_PATHS = (
					"$(inherited)",
					"@executable_path/Frameworks",
				);
				PRODUCT_BUNDLE_IDENTIFIER = io.christopheraronson.InsomniChat;
				PRODUCT_NAME = "$(TARGET_NAME)";
				SWIFT_OBJC_BRIDGING_HEADER = "InsomniChat/View Controllers/InsomniChat-Bridging-Header.h";
				SWIFT_OPTIMIZATION_LEVEL = "-Onone";
				SWIFT_VERSION = 5.0;
				TARGETED_DEVICE_FAMILY = "1,2";
			};
			name = Debug;
		};
		EC5E61C022EFB0CE00EC366F /* Release */ = {
			isa = XCBuildConfiguration;
			baseConfigurationReference = BE445CD79D93766757E2974F /* Pods-InsomniChat.release.xcconfig */;
			buildSettings = {
				ASSETCATALOG_COMPILER_APPICON_NAME = AppIcon;
				CLANG_ENABLE_MODULES = YES;
				CODE_SIGN_STYLE = Automatic;
				DEVELOPMENT_TEAM = 66AJPZAPLQ;
				INFOPLIST_FILE = "$(SRCROOT)/InsomniChat/Resources/Info.plist";
				LD_RUNPATH_SEARCH_PATHS = (
					"$(inherited)",
					"@executable_path/Frameworks",
				);
				PRODUCT_BUNDLE_IDENTIFIER = io.christopheraronson.InsomniChat;
				PRODUCT_NAME = "$(TARGET_NAME)";
				SWIFT_OBJC_BRIDGING_HEADER = "InsomniChat/View Controllers/InsomniChat-Bridging-Header.h";
				SWIFT_VERSION = 5.0;
				TARGETED_DEVICE_FAMILY = "1,2";
			};
			name = Release;
		};
/* End XCBuildConfiguration section */

/* Begin XCConfigurationList section */
		EC5E61A322EFB0CC00EC366F /* Build configuration list for PBXProject "InsomniChat" */ = {
			isa = XCConfigurationList;
			buildConfigurations = (
				EC5E61BC22EFB0CD00EC366F /* Debug */,
				EC5E61BD22EFB0CE00EC366F /* Release */,
			);
			defaultConfigurationIsVisible = 0;
			defaultConfigurationName = Release;
		};
		EC5E61BE22EFB0CE00EC366F /* Build configuration list for PBXNativeTarget "InsomniChat" */ = {
			isa = XCConfigurationList;
			buildConfigurations = (
				EC5E61BF22EFB0CE00EC366F /* Debug */,
				EC5E61C022EFB0CE00EC366F /* Release */,
			);
			defaultConfigurationIsVisible = 0;
			defaultConfigurationName = Release;
		};
/* End XCConfigurationList section */
	};
	rootObject = EC5E61A022EFB0CC00EC366F /* Project object */;
}
